
Microsoft Visual Studio Solution File, Format Version 12.00
# Visual Studio Version 17
VisualStudioVersion = 17.2.32616.157
MinimumVisualStudioVersion = 10.0.40219.1
Project("{9A19103F-16F7-4668-BE54-9A1E7A4F7556}") = "NetCoreClient", "NetCoreClient.csproj", "{142EE45C-F4FF-4668-94CE-A0FCD73F4215}"
EndProject
Project("{9A19103F-16F7-4668-BE54-9A1E7A4F7556}") = "Models", "..\Shared\Models\Models\Models.csproj", "{2A13152D-4612-4EF4-9D8E-EDE256BD0CCE}"
EndProject
Global
	GlobalSection(SolutionConfigurationPlatforms) = preSolution
		Debug|Any CPU = Debug|Any CPU
		Release|Any CPU = Release|Any CPU
	EndGlobalSection
	GlobalSection(ProjectConfigurationPlatforms) = postSolution
		{142EE45C-F4FF-4668-94CE-A0FCD73F4215}.Debug|Any CPU.ActiveCfg = Debug|Any CPU
		{142EE45C-F4FF-4668-94CE-A0FCD73F4215}.Debug|Any CPU.Build.0 = Debug|Any CPU
		{142EE45C-F4FF-4668-94CE-A0FCD73F4215}.Release|Any CPU.ActiveCfg = Release|Any CPU
		{142EE45C-F4FF-4668-94CE-A0FCD73F4215}.Release|Any CPU.Build.0 = Release|Any CPU
		{2A13152D-4612-4EF4-9D8E-EDE256BD0CCE}.Debug|Any CPU.ActiveCfg = Debug|Any CPU
		{2A13152D-4612-4EF4-9D8E-EDE256BD0CCE}.Debug|Any CPU.Build.0 = Debug|Any CPU
		{2A13152D-4612-4EF4-9D8E-EDE256BD0CCE}.Release|Any CPU.ActiveCfg = Release|Any CPU
		{2A13152D-4612-4EF4-9D8E-EDE256BD0CCE}.Release|Any CPU.Build.0 = Release|Any CPU
	EndGlobalSection
	GlobalSection(SolutionProperties) = preSolution
		HideSolutionNode = FALSE
	EndGlobalSection
	GlobalSection(ExtensibilityGlobals) = postSolution
		SolutionGuid = {7C0E80B9-B179-409C-B67B-C6C03035A437}
	EndGlobalSection
EndGlobal
